// !$*UTF8*$!
{
	archiveVersion = 1;
	classes = {
	};
	objectVersion = 46;
	objects = {

/* Begin PBXBuildFile section */
		3D1128191482470730D33DDE /* libPods-WhatToEat.a in Frameworks */ = {isa = PBXBuildFile; fileRef = F25D619AC2BA27651D9B5952 /* libPods-WhatToEat.a */; };
		B50B22321A9286BC0014ED9D /* FoodInfo.m in Sources */ = {isa = PBXBuildFile; fileRef = B50B22311A9286BC0014ED9D /* FoodInfo.m */; };
		B54A21411A44C6B60071B570 /* SpinFromLocalViewController.m in Sources */ = {isa = PBXBuildFile; fileRef = B54A21401A44C6B60071B570 /* SpinFromLocalViewController.m */; };
		B54B8ABC1A44C72100F62DC2 /* MainViewController.m in Sources */ = {isa = PBXBuildFile; fileRef = B54B8ABB1A44C72100F62DC2 /* MainViewController.m */; };
		B54B8AC21A44C8B700F62DC2 /* FoodListTableViewController.m in Sources */ = {isa = PBXBuildFile; fileRef = B54B8AC11A44C8B700F62DC2 /* FoodListTableViewController.m */; };
		B54B8ACD1A48615B00F62DC2 /* CoreDataManager.m in Sources */ = {isa = PBXBuildFile; fileRef = B54B8ACC1A48615B00F62DC2 /* CoreDataManager.m */; };
		B54CC5E21AE0A2C50053F07F /* SpinFromRemoteViewController.m in Sources */ = {isa = PBXBuildFile; fileRef = B54CC5E11AE0A2C50053F07F /* SpinFromRemoteViewController.m */; };
		B56B58181B053B65001CD9CF /* NSURLRequest+OAuth.m in Sources */ = {isa = PBXBuildFile; fileRef = B56B58171B053B65001CD9CF /* NSURLRequest+OAuth.m */; settings = {COMPILER_FLAGS = "-fno-objc-arc"; }; };
		B5BE35611B06420E00032E60 /* NSMutableURLRequest+Parameters.m in Sources */ = {isa = PBXBuildFile; fileRef = B5BE353D1B06420E00032E60 /* NSMutableURLRequest+Parameters.m */; settings = {COMPILER_FLAGS = "-fno-objc-arc"; }; };
		B5BE35621B06420E00032E60 /* NSString+URLEncoding.m in Sources */ = {isa = PBXBuildFile; fileRef = B5BE353F1B06420E00032E60 /* NSString+URLEncoding.m */; settings = {COMPILER_FLAGS = "-fno-objc-arc"; }; };
		B5BE35631B06420E00032E60 /* NSURL+Base.m in Sources */ = {isa = PBXBuildFile; fileRef = B5BE35411B06420E00032E60 /* NSURL+Base.m */; settings = {COMPILER_FLAGS = "-fno-objc-arc"; }; };
		B5BE35641B06420E00032E60 /* Base64Transcoder.c in Sources */ = {isa = PBXBuildFile; fileRef = B5BE35431B06420E00032E60 /* Base64Transcoder.c */; settings = {COMPILER_FLAGS = "-fno-objc-arc"; }; };
		B5BE35651B06420E00032E60 /* hmac.c in Sources */ = {isa = PBXBuildFile; fileRef = B5BE35451B06420E00032E60 /* hmac.c */; };
		B5BE35661B06420E00032E60 /* sha1.c in Sources */ = {isa = PBXBuildFile; fileRef = B5BE35471B06420E00032E60 /* sha1.c */; };
		B5BE35671B06420E00032E60 /* OACall.m in Sources */ = {isa = PBXBuildFile; fileRef = B5BE354A1B06420E00032E60 /* OACall.m */; settings = {COMPILER_FLAGS = "-fno-objc-arc"; }; };
		B5BE35681B06420E00032E60 /* OAConsumer.m in Sources */ = {isa = PBXBuildFile; fileRef = B5BE354C1B06420E00032E60 /* OAConsumer.m */; settings = {COMPILER_FLAGS = "-fno-objc-arc"; }; };
		B5BE35691B06420E00032E60 /* OADataFetcher.m in Sources */ = {isa = PBXBuildFile; fileRef = B5BE354E1B06420E00032E60 /* OADataFetcher.m */; settings = {COMPILER_FLAGS = "-fno-objc-arc"; }; };
		B5BE356A1B06420E00032E60 /* OAHMAC_SHA1SignatureProvider.m in Sources */ = {isa = PBXBuildFile; fileRef = B5BE35501B06420E00032E60 /* OAHMAC_SHA1SignatureProvider.m */; settings = {COMPILER_FLAGS = "-fno-objc-arc"; }; };
		B5BE356B1B06420E00032E60 /* OAMutableURLRequest.m in Sources */ = {isa = PBXBuildFile; fileRef = B5BE35521B06420E00032E60 /* OAMutableURLRequest.m */; settings = {COMPILER_FLAGS = "-fno-objc-arc"; }; };
		B5BE356C1B06420E00032E60 /* OAPlaintextSignatureProvider.m in Sources */ = {isa = PBXBuildFile; fileRef = B5BE35541B06420E00032E60 /* OAPlaintextSignatureProvider.m */; settings = {COMPILER_FLAGS = "-fno-objc-arc"; }; };
		B5BE356D1B06420E00032E60 /* OAProblem.m in Sources */ = {isa = PBXBuildFile; fileRef = B5BE35561B06420E00032E60 /* OAProblem.m */; settings = {COMPILER_FLAGS = "-fno-objc-arc"; }; };
		B5BE356E1B06420E00032E60 /* OARequestParameter.m in Sources */ = {isa = PBXBuildFile; fileRef = B5BE35581B06420E00032E60 /* OARequestParameter.m */; settings = {COMPILER_FLAGS = "-fno-objc-arc"; }; };
		B5BE356F1B06420E00032E60 /* OAServiceTicket.m in Sources */ = {isa = PBXBuildFile; fileRef = B5BE355A1B06420E00032E60 /* OAServiceTicket.m */; settings = {COMPILER_FLAGS = "-fno-objc-arc"; }; };
		B5BE35701B06420E00032E60 /* OAToken.m in Sources */ = {isa = PBXBuildFile; fileRef = B5BE355D1B06420E00032E60 /* OAToken.m */; settings = {COMPILER_FLAGS = "-fno-objc-arc"; }; };
		B5BE35711B06420E00032E60 /* OATokenManager.m in Sources */ = {isa = PBXBuildFile; fileRef = B5BE355F1B06420E00032E60 /* OATokenManager.m */; settings = {COMPILER_FLAGS = "-fno-objc-arc"; }; };
		B5D507911B53041D004F846B /* yepApiManager.m in Sources */ = {isa = PBXBuildFile; fileRef = B5D507901B53041D004F846B /* yepApiManager.m */; };
		B5DCF1901A9C352C00490AE1 /* lauchImage.png in Resources */ = {isa = PBXBuildFile; fileRef = B5DCF18F1A9C352C00490AE1 /* lauchImage.png */; };
		B5DCF1931A9D4ACA00490AE1 /* Localizable.strings in Resources */ = {isa = PBXBuildFile; fileRef = B5DCF1951A9D4ACA00490AE1 /* Localizable.strings */; };
		B5DCF19E1A9D685800490AE1 /* forkAndKnife.png in Resources */ = {isa = PBXBuildFile; fileRef = B5DCF19D1A9D685800490AE1 /* forkAndKnife.png */; };
		B5E495B61A45D944005B50A7 /* AddFoodTableViewController.m in Sources */ = {isa = PBXBuildFile; fileRef = B5E495B51A45D944005B50A7 /* AddFoodTableViewController.m */; };
		B5EE835F1AE0A83500EC8D35 /* Utils.m in Sources */ = {isa = PBXBuildFile; fileRef = B5EE835E1AE0A83500EC8D35 /* Utils.m */; };
		B5EE83631AE0AAC300EC8D35 /* NSURLRequest+OAuth.m in Sources */ = {isa = PBXBuildFile; fileRef = B5EE83621AE0AAC300EC8D35 /* NSURLRequest+OAuth.m */; };
		B5EF1F2E1A28329A00B3E379 /* main.m in Sources */ = {isa = PBXBuildFile; fileRef = B5EF1F2D1A28329A00B3E379 /* main.m */; };
		B5EF1F311A28329A00B3E379 /* AppDelegate.m in Sources */ = {isa = PBXBuildFile; fileRef = B5EF1F301A28329A00B3E379 /* AppDelegate.m */; };
		B5EF1F341A28329A00B3E379 /* WhatToEat.xcdatamodeld in Sources */ = {isa = PBXBuildFile; fileRef = B5EF1F321A28329A00B3E379 /* WhatToEat.xcdatamodeld */; };
		B5EF1F371A28329A00B3E379 /* ViewController.m in Sources */ = {isa = PBXBuildFile; fileRef = B5EF1F361A28329A00B3E379 /* ViewController.m */; };
		B5EF1F3A1A28329A00B3E379 /* Main.storyboard in Resources */ = {isa = PBXBuildFile; fileRef = B5EF1F381A28329A00B3E379 /* Main.storyboard */; };
		B5EF1F3C1A28329A00B3E379 /* Images.xcassets in Resources */ = {isa = PBXBuildFile; fileRef = B5EF1F3B1A28329A00B3E379 /* Images.xcassets */; };
		B5EF1F3F1A28329A00B3E379 /* LaunchScreen.xib in Resources */ = {isa = PBXBuildFile; fileRef = B5EF1F3D1A28329A00B3E379 /* LaunchScreen.xib */; };
		B5EF1F4B1A28329A00B3E379 /* WhatToEatTests.m in Sources */ = {isa = PBXBuildFile; fileRef = B5EF1F4A1A28329A00B3E379 /* WhatToEatTests.m */; };
/* End PBXBuildFile section */

/* Begin PBXContainerItemProxy section */
		B5EF1F451A28329A00B3E379 /* PBXContainerItemProxy */ = {
			isa = PBXContainerItemProxy;
			containerPortal = B5EF1F201A28329A00B3E379 /* Project object */;
			proxyType = 1;
			remoteGlobalIDString = B5EF1F271A28329A00B3E379;
			remoteInfo = WhatToEat;
		};
/* End PBXContainerItemProxy section */

/* Begin PBXFileReference section */
		84501BCDE4A1520AC7535208 /* Pods-WhatToEat.debug.xcconfig */ = {isa = PBXFileReference; includeInIndex = 1; lastKnownFileType = text.xcconfig; name = "Pods-WhatToEat.debug.xcconfig"; path = "Pods/Target Support Files/Pods-WhatToEat/Pods-WhatToEat.debug.xcconfig"; sourceTree = "<group>"; };
		B50B22301A9286BC0014ED9D /* FoodInfo.h */ = {isa = PBXFileReference; fileEncoding = 4; lastKnownFileType = sourcecode.c.h; path = FoodInfo.h; sourceTree = "<group>"; };
		B50B22311A9286BC0014ED9D /* FoodInfo.m */ = {isa = PBXFileReference; fileEncoding = 4; lastKnownFileType = sourcecode.c.objc; path = FoodInfo.m; sourceTree = "<group>"; };
		B50EE8621A929B2300502EF1 /* UIConstants.h */ = {isa = PBXFileReference; fileEncoding = 4; lastKnownFileType = sourcecode.c.h; path = UIConstants.h; sourceTree = "<group>"; };
		B54A213F1A44C6B60071B570 /* SpinFromLocalViewController.h */ = {isa = PBXFileReference; fileEncoding = 4; lastKnownFileType = sourcecode.c.h; name = SpinFromLocalViewController.h; path = controllers/SpinFromLocalViewController.h; sourceTree = "<group>"; };
		B54A21401A44C6B60071B570 /* SpinFromLocalViewController.m */ = {isa = PBXFileReference; fileEncoding = 4; lastKnownFileType = sourcecode.c.objc; name = SpinFromLocalViewController.m; path = controllers/SpinFromLocalViewController.m; sourceTree = "<group>"; };
		B54B8ABA1A44C72100F62DC2 /* MainViewController.h */ = {isa = PBXFileReference; fileEncoding = 4; lastKnownFileType = sourcecode.c.h; name = MainViewController.h; path = controllers/MainViewController.h; sourceTree = "<group>"; };
		B54B8ABB1A44C72100F62DC2 /* MainViewController.m */ = {isa = PBXFileReference; fileEncoding = 4; lastKnownFileType = sourcecode.c.objc; name = MainViewController.m; path = controllers/MainViewController.m; sourceTree = "<group>"; };
		B54B8AC01A44C8B700F62DC2 /* FoodListTableViewController.h */ = {isa = PBXFileReference; fileEncoding = 4; lastKnownFileType = sourcecode.c.h; name = FoodListTableViewController.h; path = controllers/FoodListTableViewController.h; sourceTree = "<group>"; };
		B54B8AC11A44C8B700F62DC2 /* FoodListTableViewController.m */ = {isa = PBXFileReference; fileEncoding = 4; lastKnownFileType = sourcecode.c.objc; name = FoodListTableViewController.m; path = controllers/FoodListTableViewController.m; sourceTree = "<group>"; };
		B54B8ACB1A48615B00F62DC2 /* CoreDataManager.h */ = {isa = PBXFileReference; fileEncoding = 4; lastKnownFileType = sourcecode.c.h; name = CoreDataManager.h; path = managers/CoreDataManager.h; sourceTree = "<group>"; };
		B54B8ACC1A48615B00F62DC2 /* CoreDataManager.m */ = {isa = PBXFileReference; fileEncoding = 4; lastKnownFileType = sourcecode.c.objc; name = CoreDataManager.m; path = managers/CoreDataManager.m; sourceTree = "<group>"; };
		B54CC5E01AE0A2C50053F07F /* SpinFromRemoteViewController.h */ = {isa = PBXFileReference; fileEncoding = 4; lastKnownFileType = sourcecode.c.h; name = SpinFromRemoteViewController.h; path = controllers/SpinFromRemoteViewController.h; sourceTree = "<group>"; };
		B54CC5E11AE0A2C50053F07F /* SpinFromRemoteViewController.m */ = {isa = PBXFileReference; fileEncoding = 4; lastKnownFileType = sourcecode.c.objc; name = SpinFromRemoteViewController.m; path = controllers/SpinFromRemoteViewController.m; sourceTree = "<group>"; };
		B56B58161B053B65001CD9CF /* NSURLRequest+OAuth.h */ = {isa = PBXFileReference; fileEncoding = 4; lastKnownFileType = sourcecode.c.h; path = "NSURLRequest+OAuth.h"; sourceTree = "<group>"; };
		B56B58171B053B65001CD9CF /* NSURLRequest+OAuth.m */ = {isa = PBXFileReference; fileEncoding = 4; lastKnownFileType = sourcecode.c.objc; path = "NSURLRequest+OAuth.m"; sourceTree = "<group>"; };
		B5BE353C1B06420E00032E60 /* NSMutableURLRequest+Parameters.h */ = {isa = PBXFileReference; fileEncoding = 4; lastKnownFileType = sourcecode.c.h; path = "NSMutableURLRequest+Parameters.h"; sourceTree = "<group>"; };
		B5BE353D1B06420E00032E60 /* NSMutableURLRequest+Parameters.m */ = {isa = PBXFileReference; fileEncoding = 4; lastKnownFileType = sourcecode.c.objc; path = "NSMutableURLRequest+Parameters.m"; sourceTree = "<group>"; };
		B5BE353E1B06420E00032E60 /* NSString+URLEncoding.h */ = {isa = PBXFileReference; fileEncoding = 4; lastKnownFileType = sourcecode.c.h; path = "NSString+URLEncoding.h"; sourceTree = "<group>"; };
		B5BE353F1B06420E00032E60 /* NSString+URLEncoding.m */ = {isa = PBXFileReference; fileEncoding = 4; lastKnownFileType = sourcecode.c.objc; path = "NSString+URLEncoding.m"; sourceTree = "<group>"; };
		B5BE35401B06420E00032E60 /* NSURL+Base.h */ = {isa = PBXFileReference; fileEncoding = 4; lastKnownFileType = sourcecode.c.h; path = "NSURL+Base.h"; sourceTree = "<group>"; };
		B5BE35411B06420E00032E60 /* NSURL+Base.m */ = {isa = PBXFileReference; fileEncoding = 4; lastKnownFileType = sourcecode.c.objc; path = "NSURL+Base.m"; sourceTree = "<group>"; };
		B5BE35431B06420E00032E60 /* Base64Transcoder.c */ = {isa = PBXFileReference; fileEncoding = 4; lastKnownFileType = sourcecode.c.c; path = Base64Transcoder.c; sourceTree = "<group>"; };
		B5BE35441B06420E00032E60 /* Base64Transcoder.h */ = {isa = PBXFileReference; fileEncoding = 4; lastKnownFileType = sourcecode.c.h; path = Base64Transcoder.h; sourceTree = "<group>"; };
		B5BE35451B06420E00032E60 /* hmac.c */ = {isa = PBXFileReference; fileEncoding = 4; lastKnownFileType = sourcecode.c.c; path = hmac.c; sourceTree = "<group>"; };
		B5BE35461B06420E00032E60 /* hmac.h */ = {isa = PBXFileReference; fileEncoding = 4; lastKnownFileType = sourcecode.c.h; path = hmac.h; sourceTree = "<group>"; };
		B5BE35471B06420E00032E60 /* sha1.c */ = {isa = PBXFileReference; fileEncoding = 4; lastKnownFileType = sourcecode.c.c; path = sha1.c; sourceTree = "<group>"; };
		B5BE35481B06420E00032E60 /* sha1.h */ = {isa = PBXFileReference; fileEncoding = 4; lastKnownFileType = sourcecode.c.h; path = sha1.h; sourceTree = "<group>"; };
		B5BE35491B06420E00032E60 /* OACall.h */ = {isa = PBXFileReference; fileEncoding = 4; lastKnownFileType = sourcecode.c.h; path = OACall.h; sourceTree = "<group>"; };
		B5BE354A1B06420E00032E60 /* OACall.m */ = {isa = PBXFileReference; fileEncoding = 4; lastKnownFileType = sourcecode.c.objc; path = OACall.m; sourceTree = "<group>"; };
		B5BE354B1B06420E00032E60 /* OAConsumer.h */ = {isa = PBXFileReference; fileEncoding = 4; lastKnownFileType = sourcecode.c.h; path = OAConsumer.h; sourceTree = "<group>"; };
		B5BE354C1B06420E00032E60 /* OAConsumer.m */ = {isa = PBXFileReference; fileEncoding = 4; lastKnownFileType = sourcecode.c.objc; path = OAConsumer.m; sourceTree = "<group>"; };
		B5BE354D1B06420E00032E60 /* OADataFetcher.h */ = {isa = PBXFileReference; fileEncoding = 4; lastKnownFileType = sourcecode.c.h; path = OADataFetcher.h; sourceTree = "<group>"; };
		B5BE354E1B06420E00032E60 /* OADataFetcher.m */ = {isa = PBXFileReference; fileEncoding = 4; lastKnownFileType = sourcecode.c.objc; path = OADataFetcher.m; sourceTree = "<group>"; };
		B5BE354F1B06420E00032E60 /* OAHMAC_SHA1SignatureProvider.h */ = {isa = PBXFileReference; fileEncoding = 4; lastKnownFileType = sourcecode.c.h; path = OAHMAC_SHA1SignatureProvider.h; sourceTree = "<group>"; };
		B5BE35501B06420E00032E60 /* OAHMAC_SHA1SignatureProvider.m */ = {isa = PBXFileReference; fileEncoding = 4; lastKnownFileType = sourcecode.c.objc; path = OAHMAC_SHA1SignatureProvider.m; sourceTree = "<group>"; };
		B5BE35511B06420E00032E60 /* OAMutableURLRequest.h */ = {isa = PBXFileReference; fileEncoding = 4; lastKnownFileType = sourcecode.c.h; path = OAMutableURLRequest.h; sourceTree = "<group>"; };
		B5BE35521B06420E00032E60 /* OAMutableURLRequest.m */ = {isa = PBXFileReference; fileEncoding = 4; lastKnownFileType = sourcecode.c.objc; path = OAMutableURLRequest.m; sourceTree = "<group>"; };
		B5BE35531B06420E00032E60 /* OAPlaintextSignatureProvider.h */ = {isa = PBXFileReference; fileEncoding = 4; lastKnownFileType = sourcecode.c.h; path = OAPlaintextSignatureProvider.h; sourceTree = "<group>"; };
		B5BE35541B06420E00032E60 /* OAPlaintextSignatureProvider.m */ = {isa = PBXFileReference; fileEncoding = 4; lastKnownFileType = sourcecode.c.objc; path = OAPlaintextSignatureProvider.m; sourceTree = "<group>"; };
		B5BE35551B06420E00032E60 /* OAProblem.h */ = {isa = PBXFileReference; fileEncoding = 4; lastKnownFileType = sourcecode.c.h; path = OAProblem.h; sourceTree = "<group>"; };
		B5BE35561B06420E00032E60 /* OAProblem.m */ = {isa = PBXFileReference; fileEncoding = 4; lastKnownFileType = sourcecode.c.objc; path = OAProblem.m; sourceTree = "<group>"; };
		B5BE35571B06420E00032E60 /* OARequestParameter.h */ = {isa = PBXFileReference; fileEncoding = 4; lastKnownFileType = sourcecode.c.h; path = OARequestParameter.h; sourceTree = "<group>"; };
		B5BE35581B06420E00032E60 /* OARequestParameter.m */ = {isa = PBXFileReference; fileEncoding = 4; lastKnownFileType = sourcecode.c.objc; path = OARequestParameter.m; sourceTree = "<group>"; };
		B5BE35591B06420E00032E60 /* OAServiceTicket.h */ = {isa = PBXFileReference; fileEncoding = 4; lastKnownFileType = sourcecode.c.h; path = OAServiceTicket.h; sourceTree = "<group>"; };
		B5BE355A1B06420E00032E60 /* OAServiceTicket.m */ = {isa = PBXFileReference; fileEncoding = 4; lastKnownFileType = sourcecode.c.objc; path = OAServiceTicket.m; sourceTree = "<group>"; };
		B5BE355B1B06420E00032E60 /* OASignatureProviding.h */ = {isa = PBXFileReference; fileEncoding = 4; lastKnownFileType = sourcecode.c.h; path = OASignatureProviding.h; sourceTree = "<group>"; };
		B5BE355C1B06420E00032E60 /* OAToken.h */ = {isa = PBXFileReference; fileEncoding = 4; lastKnownFileType = sourcecode.c.h; path = OAToken.h; sourceTree = "<group>"; };
		B5BE355D1B06420E00032E60 /* OAToken.m */ = {isa = PBXFileReference; fileEncoding = 4; lastKnownFileType = sourcecode.c.objc; path = OAToken.m; sourceTree = "<group>"; };
		B5BE355E1B06420E00032E60 /* OATokenManager.h */ = {isa = PBXFileReference; fileEncoding = 4; lastKnownFileType = sourcecode.c.h; path = OATokenManager.h; sourceTree = "<group>"; };
		B5BE355F1B06420E00032E60 /* OATokenManager.m */ = {isa = PBXFileReference; fileEncoding = 4; lastKnownFileType = sourcecode.c.objc; path = OATokenManager.m; sourceTree = "<group>"; };
		B5BE35601B06420E00032E60 /* OAuthConsumer.h */ = {isa = PBXFileReference; fileEncoding = 4; lastKnownFileType = sourcecode.c.h; path = OAuthConsumer.h; sourceTree = "<group>"; };
		B5D5078F1B53041D004F846B /* yepApiManager.h */ = {isa = PBXFileReference; fileEncoding = 4; lastKnownFileType = sourcecode.c.h; name = yepApiManager.h; path = managers/yepApiManager.h; sourceTree = "<group>"; };
		B5D507901B53041D004F846B /* yepApiManager.m */ = {isa = PBXFileReference; fileEncoding = 4; lastKnownFileType = sourcecode.c.objc; name = yepApiManager.m; path = managers/yepApiManager.m; sourceTree = "<group>"; };
		B5DCF18F1A9C352C00490AE1 /* lauchImage.png */ = {isa = PBXFileReference; lastKnownFileType = image.png; path = lauchImage.png; sourceTree = "<group>"; };
		B5DCF1941A9D4ACA00490AE1 /* en */ = {isa = PBXFileReference; lastKnownFileType = text.plist.strings; name = en; path = en.lproj/Localizable.strings; sourceTree = "<group>"; };
		B5DCF1961A9D4B1600490AE1 /* zh-Hans */ = {isa = PBXFileReference; lastKnownFileType = text.plist.strings; name = "zh-Hans"; path = "zh-Hans.lproj/Main.strings"; sourceTree = "<group>"; };
		B5DCF1971A9D4B1600490AE1 /* zh-Hans */ = {isa = PBXFileReference; lastKnownFileType = text.plist.strings; name = "zh-Hans"; path = "zh-Hans.lproj/LaunchScreen.strings"; sourceTree = "<group>"; };
		B5DCF1981A9D4B1600490AE1 /* zh-Hans */ = {isa = PBXFileReference; lastKnownFileType = text.plist.strings; name = "zh-Hans"; path = "zh-Hans.lproj/Localizable.strings"; sourceTree = "<group>"; };
		B5DCF19D1A9D685800490AE1 /* forkAndKnife.png */ = {isa = PBXFileReference; lastKnownFileType = image.png; path = forkAndKnife.png; sourceTree = "<group>"; };
		B5E495B41A45D944005B50A7 /* AddFoodTableViewController.h */ = {isa = PBXFileReference; fileEncoding = 4; lastKnownFileType = sourcecode.c.h; name = AddFoodTableViewController.h; path = controllers/AddFoodTableViewController.h; sourceTree = "<group>"; };
		B5E495B51A45D944005B50A7 /* AddFoodTableViewController.m */ = {isa = PBXFileReference; fileEncoding = 4; lastKnownFileType = sourcecode.c.objc; name = AddFoodTableViewController.m; path = controllers/AddFoodTableViewController.m; sourceTree = "<group>"; };
		B5EE835D1AE0A83500EC8D35 /* Utils.h */ = {isa = PBXFileReference; fileEncoding = 4; lastKnownFileType = sourcecode.c.h; name = Utils.h; path = controllers/Utils.h; sourceTree = "<group>"; };
		B5EE835E1AE0A83500EC8D35 /* Utils.m */ = {isa = PBXFileReference; fileEncoding = 4; lastKnownFileType = sourcecode.c.objc; name = Utils.m; path = controllers/Utils.m; sourceTree = "<group>"; };
		B5EE83611AE0AAC300EC8D35 /* NSURLRequest+OAuth.h */ = {isa = PBXFileReference; fileEncoding = 4; lastKnownFileType = sourcecode.c.h; path = "NSURLRequest+OAuth.h"; sourceTree = "<group>"; };
		B5EE83621AE0AAC300EC8D35 /* NSURLRequest+OAuth.m */ = {isa = PBXFileReference; fileEncoding = 4; lastKnownFileType = sourcecode.c.objc; path = "NSURLRequest+OAuth.m"; sourceTree = "<group>"; };
		B5EF1F281A28329A00B3E379 /* whattoeat.app */ = {isa = PBXFileReference; explicitFileType = wrapper.application; includeInIndex = 0; path = whattoeat.app; sourceTree = BUILT_PRODUCTS_DIR; };
		B5EF1F2C1A28329A00B3E379 /* Info.plist */ = {isa = PBXFileReference; lastKnownFileType = text.plist.xml; path = Info.plist; sourceTree = "<group>"; };
		B5EF1F2D1A28329A00B3E379 /* main.m */ = {isa = PBXFileReference; lastKnownFileType = sourcecode.c.objc; path = main.m; sourceTree = "<group>"; };
		B5EF1F2F1A28329A00B3E379 /* AppDelegate.h */ = {isa = PBXFileReference; lastKnownFileType = sourcecode.c.h; path = AppDelegate.h; sourceTree = "<group>"; };
		B5EF1F301A28329A00B3E379 /* AppDelegate.m */ = {isa = PBXFileReference; lastKnownFileType = sourcecode.c.objc; path = AppDelegate.m; sourceTree = "<group>"; };
		B5EF1F331A28329A00B3E379 /* WhatToEat.xcdatamodel */ = {isa = PBXFileReference; lastKnownFileType = wrapper.xcdatamodel; path = WhatToEat.xcdatamodel; sourceTree = "<group>"; };
		B5EF1F351A28329A00B3E379 /* ViewController.h */ = {isa = PBXFileReference; lastKnownFileType = sourcecode.c.h; path = ViewController.h; sourceTree = "<group>"; };
		B5EF1F361A28329A00B3E379 /* ViewController.m */ = {isa = PBXFileReference; lastKnownFileType = sourcecode.c.objc; path = ViewController.m; sourceTree = "<group>"; };
		B5EF1F391A28329A00B3E379 /* Base */ = {isa = PBXFileReference; lastKnownFileType = file.storyboard; name = Base; path = Base.lproj/Main.storyboard; sourceTree = "<group>"; };
		B5EF1F3B1A28329A00B3E379 /* Images.xcassets */ = {isa = PBXFileReference; lastKnownFileType = folder.assetcatalog; path = Images.xcassets; sourceTree = "<group>"; };
		B5EF1F3E1A28329A00B3E379 /* Base */ = {isa = PBXFileReference; lastKnownFileType = file.xib; name = Base; path = Base.lproj/LaunchScreen.xib; sourceTree = "<group>"; };
		B5EF1F441A28329A00B3E379 /* WhatToEatTests.xctest */ = {isa = PBXFileReference; explicitFileType = wrapper.cfbundle; includeInIndex = 0; path = WhatToEatTests.xctest; sourceTree = BUILT_PRODUCTS_DIR; };
		B5EF1F491A28329A00B3E379 /* Info.plist */ = {isa = PBXFileReference; lastKnownFileType = text.plist.xml; path = Info.plist; sourceTree = "<group>"; };
		B5EF1F4A1A28329A00B3E379 /* WhatToEatTests.m */ = {isa = PBXFileReference; lastKnownFileType = sourcecode.c.objc; path = WhatToEatTests.m; sourceTree = "<group>"; };
		BE94730E2979A58C58B95951 /* Pods-WhatToEat.release.xcconfig */ = {isa = PBXFileReference; includeInIndex = 1; lastKnownFileType = text.xcconfig; name = "Pods-WhatToEat.release.xcconfig"; path = "Pods/Target Support Files/Pods-WhatToEat/Pods-WhatToEat.release.xcconfig"; sourceTree = "<group>"; };
		F25D619AC2BA27651D9B5952 /* libPods-WhatToEat.a */ = {isa = PBXFileReference; explicitFileType = archive.ar; includeInIndex = 0; path = "libPods-WhatToEat.a"; sourceTree = BUILT_PRODUCTS_DIR; };
/* End PBXFileReference section */

/* Begin PBXFrameworksBuildPhase section */
		B5EF1F251A28329A00B3E379 /* Frameworks */ = {
			isa = PBXFrameworksBuildPhase;
			buildActionMask = 2147483647;
			files = (
				3D1128191482470730D33DDE /* libPods-WhatToEat.a in Frameworks */,
			);
			runOnlyForDeploymentPostprocessing = 0;
		};
		B5EF1F411A28329A00B3E379 /* Frameworks */ = {
			isa = PBXFrameworksBuildPhase;
			buildActionMask = 2147483647;
			files = (
			);
			runOnlyForDeploymentPostprocessing = 0;
		};
/* End PBXFrameworksBuildPhase section */

/* Begin PBXGroup section */
		B50B222F1A9286BC0014ED9D /* Models */ = {
			isa = PBXGroup;
			children = (
				B50B22301A9286BC0014ED9D /* FoodInfo.h */,
				B50B22311A9286BC0014ED9D /* FoodInfo.m */,
			);
			path = Models;
			sourceTree = "<group>";
		};
		B50B22331A928B1B0014ED9D /* Images */ = {
			isa = PBXGroup;
			children = (
				B5DCF18F1A9C352C00490AE1 /* lauchImage.png */,
				B5DCF19D1A9D685800490AE1 /* forkAndKnife.png */,
			);
			name = Images;
			path = images;
			sourceTree = "<group>";
		};
		B50EE8601A929A5B00502EF1 /* utilities */ = {
			isa = PBXGroup;
			children = (
				B50EE8621A929B2300502EF1 /* UIConstants.h */,
				B5EE835D1AE0A83500EC8D35 /* Utils.h */,
				B5EE835E1AE0A83500EC8D35 /* Utils.m */,
			);
			name = utilities;
			sourceTree = "<group>";
		};
		B54A21381A44C5960071B570 /* Controllers */ = {
			isa = PBXGroup;
			children = (
				B54B8ABA1A44C72100F62DC2 /* MainViewController.h */,
				B54B8ABB1A44C72100F62DC2 /* MainViewController.m */,
				B54A213F1A44C6B60071B570 /* SpinFromLocalViewController.h */,
				B54A21401A44C6B60071B570 /* SpinFromLocalViewController.m */,
				B54B8AC01A44C8B700F62DC2 /* FoodListTableViewController.h */,
				B54B8AC11A44C8B700F62DC2 /* FoodListTableViewController.m */,
				B5E495B41A45D944005B50A7 /* AddFoodTableViewController.h */,
				B5E495B51A45D944005B50A7 /* AddFoodTableViewController.m */,
				B54CC5E01AE0A2C50053F07F /* SpinFromRemoteViewController.h */,
				B54CC5E11AE0A2C50053F07F /* SpinFromRemoteViewController.m */,
			);
			name = Controllers;
			sourceTree = "<group>";
		};
		B54B8AC71A4860FD00F62DC2 /* Managers */ = {
			isa = PBXGroup;
			children = (
				B54B8ACB1A48615B00F62DC2 /* CoreDataManager.h */,
				B54B8ACC1A48615B00F62DC2 /* CoreDataManager.m */,
				B5D5078F1B53041D004F846B /* yepApiManager.h */,
				B5D507901B53041D004F846B /* yepApiManager.m */,
			);
			name = Managers;
			sourceTree = "<group>";
		};
		B56B58151B053B12001CD9CF /* Libs */ = {
			isa = PBXGroup;
			children = (
				B56B58161B053B65001CD9CF /* NSURLRequest+OAuth.h */,
				B56B58171B053B65001CD9CF /* NSURLRequest+OAuth.m */,
				B5BE353A1B06420E00032E60 /* OAuthConsumer */,
			);
			name = Libs;
			sourceTree = "<group>";
		};
		B5BE353A1B06420E00032E60 /* OAuthConsumer */ = {
			isa = PBXGroup;
			children = (
				B5BE353B1B06420E00032E60 /* Categories */,
				B5BE35421B06420E00032E60 /* Crytpo */,
				B5BE35491B06420E00032E60 /* OACall.h */,
				B5BE354A1B06420E00032E60 /* OACall.m */,
				B5BE354B1B06420E00032E60 /* OAConsumer.h */,
				B5BE354C1B06420E00032E60 /* OAConsumer.m */,
				B5BE354D1B06420E00032E60 /* OADataFetcher.h */,
				B5BE354E1B06420E00032E60 /* OADataFetcher.m */,
				B5BE354F1B06420E00032E60 /* OAHMAC_SHA1SignatureProvider.h */,
				B5BE35501B06420E00032E60 /* OAHMAC_SHA1SignatureProvider.m */,
				B5BE35511B06420E00032E60 /* OAMutableURLRequest.h */,
				B5BE35521B06420E00032E60 /* OAMutableURLRequest.m */,
				B5BE35531B06420E00032E60 /* OAPlaintextSignatureProvider.h */,
				B5BE35541B06420E00032E60 /* OAPlaintextSignatureProvider.m */,
				B5BE35551B06420E00032E60 /* OAProblem.h */,
				B5BE35561B06420E00032E60 /* OAProblem.m */,
				B5BE35571B06420E00032E60 /* OARequestParameter.h */,
				B5BE35581B06420E00032E60 /* OARequestParameter.m */,
				B5BE35591B06420E00032E60 /* OAServiceTicket.h */,
				B5BE355A1B06420E00032E60 /* OAServiceTicket.m */,
				B5BE355B1B06420E00032E60 /* OASignatureProviding.h */,
				B5BE355C1B06420E00032E60 /* OAToken.h */,
				B5BE355D1B06420E00032E60 /* OAToken.m */,
				B5BE355E1B06420E00032E60 /* OATokenManager.h */,
				B5BE355F1B06420E00032E60 /* OATokenManager.m */,
				B5BE35601B06420E00032E60 /* OAuthConsumer.h */,
			);
			path = OAuthConsumer;
			sourceTree = "<group>";
		};
		B5BE353B1B06420E00032E60 /* Categories */ = {
			isa = PBXGroup;
			children = (
				B5BE353C1B06420E00032E60 /* NSMutableURLRequest+Parameters.h */,
				B5BE353D1B06420E00032E60 /* NSMutableURLRequest+Parameters.m */,
				B5BE353E1B06420E00032E60 /* NSString+URLEncoding.h */,
				B5BE353F1B06420E00032E60 /* NSString+URLEncoding.m */,
				B5BE35401B06420E00032E60 /* NSURL+Base.h */,
				B5BE35411B06420E00032E60 /* NSURL+Base.m */,
			);
			path = Categories;
			sourceTree = "<group>";
		};
		B5BE35421B06420E00032E60 /* Crytpo */ = {
			isa = PBXGroup;
			children = (
				B5BE35431B06420E00032E60 /* Base64Transcoder.c */,
				B5BE35441B06420E00032E60 /* Base64Transcoder.h */,
				B5BE35451B06420E00032E60 /* hmac.c */,
				B5BE35461B06420E00032E60 /* hmac.h */,
				B5BE35471B06420E00032E60 /* sha1.c */,
				B5BE35481B06420E00032E60 /* sha1.h */,
			);
			path = Crytpo;
			sourceTree = "<group>";
		};
		B5EE83601AE0AAAE00EC8D35 /* Swizzling */ = {
			isa = PBXGroup;
			children = (
				B5EE83611AE0AAC300EC8D35 /* NSURLRequest+OAuth.h */,
				B5EE83621AE0AAC300EC8D35 /* NSURLRequest+OAuth.m */,
			);
			name = Swizzling;
			sourceTree = "<group>";
		};
		B5EF1F1F1A28329A00B3E379 = {
			isa = PBXGroup;
			children = (
				B5EF1F2A1A28329A00B3E379 /* WhatToEat */,
				B5EF1F471A28329A00B3E379 /* WhatToEatTests */,
				B5EF1F291A28329A00B3E379 /* Products */,
				E3675666788EDFE57B353B3B /* Pods */,
				F4EA034911892166F181C135 /* Frameworks */,
			);
			sourceTree = "<group>";
		};
		B5EF1F291A28329A00B3E379 /* Products */ = {
			isa = PBXGroup;
			children = (
				B5EF1F281A28329A00B3E379 /* whattoeat.app */,
				B5EF1F441A28329A00B3E379 /* WhatToEatTests.xctest */,
			);
			name = Products;
			sourceTree = "<group>";
		};
		B5EF1F2A1A28329A00B3E379 /* WhatToEat */ = {
			isa = PBXGroup;
			children = (
				B56B58151B053B12001CD9CF /* Libs */,
				B5EE83601AE0AAAE00EC8D35 /* Swizzling */,
				B50EE8601A929A5B00502EF1 /* utilities */,
				B50B22331A928B1B0014ED9D /* Images */,
				B50B222F1A9286BC0014ED9D /* Models */,
				B54B8AC71A4860FD00F62DC2 /* Managers */,
				B54A21381A44C5960071B570 /* Controllers */,
				B5EF1F2F1A28329A00B3E379 /* AppDelegate.h */,
				B5EF1F301A28329A00B3E379 /* AppDelegate.m */,
				B5EF1F351A28329A00B3E379 /* ViewController.h */,
				B5EF1F361A28329A00B3E379 /* ViewController.m */,
				B5EF1F381A28329A00B3E379 /* Main.storyboard */,
				B5EF1F3B1A28329A00B3E379 /* Images.xcassets */,
				B5EF1F3D1A28329A00B3E379 /* LaunchScreen.xib */,
				B5EF1F321A28329A00B3E379 /* WhatToEat.xcdatamodeld */,
				B5EF1F2B1A28329A00B3E379 /* Supporting Files */,
			);
			path = WhatToEat;
			sourceTree = "<group>";
		};
		B5EF1F2B1A28329A00B3E379 /* Supporting Files */ = {
			isa = PBXGroup;
			children = (
				B5EF1F2C1A28329A00B3E379 /* Info.plist */,
				B5EF1F2D1A28329A00B3E379 /* main.m */,
				B5DCF1951A9D4ACA00490AE1 /* Localizable.strings */,
			);
			name = "Supporting Files";
			sourceTree = "<group>";
		};
		B5EF1F471A28329A00B3E379 /* WhatToEatTests */ = {
			isa = PBXGroup;
			children = (
				B5EF1F4A1A28329A00B3E379 /* WhatToEatTests.m */,
				B5EF1F481A28329A00B3E379 /* Supporting Files */,
			);
			path = WhatToEatTests;
			sourceTree = "<group>";
		};
		B5EF1F481A28329A00B3E379 /* Supporting Files */ = {
			isa = PBXGroup;
			children = (
				B5EF1F491A28329A00B3E379 /* Info.plist */,
			);
			name = "Supporting Files";
			sourceTree = "<group>";
		};
		E3675666788EDFE57B353B3B /* Pods */ = {
			isa = PBXGroup;
			children = (
				84501BCDE4A1520AC7535208 /* Pods-WhatToEat.debug.xcconfig */,
				BE94730E2979A58C58B95951 /* Pods-WhatToEat.release.xcconfig */,
			);
			name = Pods;
			sourceTree = "<group>";
		};
		F4EA034911892166F181C135 /* Frameworks */ = {
			isa = PBXGroup;
			children = (
				F25D619AC2BA27651D9B5952 /* libPods-WhatToEat.a */,
			);
			name = Frameworks;
			sourceTree = "<group>";
		};
/* End PBXGroup section */

/* Begin PBXNativeTarget section */
		B5EF1F271A28329A00B3E379 /* WhatToEat */ = {
			isa = PBXNativeTarget;
			buildConfigurationList = B5EF1F4E1A28329A00B3E379 /* Build configuration list for PBXNativeTarget "WhatToEat" */;
			buildPhases = (
				89A3EF88465B25055450A018 /* Check Pods Manifest.lock */,
				B5EF1F241A28329A00B3E379 /* Sources */,
				B5EF1F251A28329A00B3E379 /* Frameworks */,
				B5EF1F261A28329A00B3E379 /* Resources */,
				8AA19BA92732A5E0AE746252 /* Copy Pods Resources */,
			);
			buildRules = (
			);
			dependencies = (
			);
			name = WhatToEat;
			productName = WhatToEat;
			productReference = B5EF1F281A28329A00B3E379 /* whattoeat.app */;
			productType = "com.apple.product-type.application";
		};
		B5EF1F431A28329A00B3E379 /* WhatToEatTests */ = {
			isa = PBXNativeTarget;
			buildConfigurationList = B5EF1F511A28329A00B3E379 /* Build configuration list for PBXNativeTarget "WhatToEatTests" */;
			buildPhases = (
				B5EF1F401A28329A00B3E379 /* Sources */,
				B5EF1F411A28329A00B3E379 /* Frameworks */,
				B5EF1F421A28329A00B3E379 /* Resources */,
			);
			buildRules = (
			);
			dependencies = (
				B5EF1F461A28329A00B3E379 /* PBXTargetDependency */,
			);
			name = WhatToEatTests;
			productName = WhatToEatTests;
			productReference = B5EF1F441A28329A00B3E379 /* WhatToEatTests.xctest */;
			productType = "com.apple.product-type.bundle.unit-test";
		};
/* End PBXNativeTarget section */

/* Begin PBXProject section */
		B5EF1F201A28329A00B3E379 /* Project object */ = {
			isa = PBXProject;
			attributes = {
				LastUpgradeCheck = 0610;
				ORGANIZATIONNAME = WEI.XIE;
				TargetAttributes = {
					B5EF1F271A28329A00B3E379 = {
						CreatedOnToolsVersion = 6.1;
						DevelopmentTeam = AM939K9KS8;
					};
					B5EF1F431A28329A00B3E379 = {
						CreatedOnToolsVersion = 6.1;
						TestTargetID = B5EF1F271A28329A00B3E379;
					};
				};
			};
			buildConfigurationList = B5EF1F231A28329A00B3E379 /* Build configuration list for PBXProject "WhatToEat" */;
			compatibilityVersion = "Xcode 3.2";
			developmentRegion = English;
			hasScannedForEncodings = 0;
			knownRegions = (
				en,
				Base,
				"zh-Hans",
			);
			mainGroup = B5EF1F1F1A28329A00B3E379;
			productRefGroup = B5EF1F291A28329A00B3E379 /* Products */;
			projectDirPath = "";
			projectRoot = "";
			targets = (
				B5EF1F271A28329A00B3E379 /* WhatToEat */,
				B5EF1F431A28329A00B3E379 /* WhatToEatTests */,
			);
		};
/* End PBXProject section */

/* Begin PBXResourcesBuildPhase section */
		B5EF1F261A28329A00B3E379 /* Resources */ = {
			isa = PBXResourcesBuildPhase;
			buildActionMask = 2147483647;
			files = (
				B5DCF1901A9C352C00490AE1 /* lauchImage.png in Resources */,
				B5DCF1931A9D4ACA00490AE1 /* Localizable.strings in Resources */,
				B5EF1F3A1A28329A00B3E379 /* Main.storyboard in Resources */,
				B5DCF19E1A9D685800490AE1 /* forkAndKnife.png in Resources */,
				B5EF1F3F1A28329A00B3E379 /* LaunchScreen.xib in Resources */,
				B5EF1F3C1A28329A00B3E379 /* Images.xcassets in Resources */,
			);
			runOnlyForDeploymentPostprocessing = 0;
		};
		B5EF1F421A28329A00B3E379 /* Resources */ = {
			isa = PBXResourcesBuildPhase;
			buildActionMask = 2147483647;
			files = (
			);
			runOnlyForDeploymentPostprocessing = 0;
		};
/* End PBXResourcesBuildPhase section */

/* Begin PBXShellScriptBuildPhase section */
		89A3EF88465B25055450A018 /* Check Pods Manifest.lock */ = {
			isa = PBXShellScriptBuildPhase;
			buildActionMask = 2147483647;
			files = (
			);
			inputPaths = (
			);
			name = "Check Pods Manifest.lock";
			outputPaths = (
			);
			runOnlyForDeploymentPostprocessing = 0;
			shellPath = /bin/sh;
			shellScript = "diff \"${PODS_ROOT}/../Podfile.lock\" \"${PODS_ROOT}/Manifest.lock\" > /dev/null\nif [[ $? != 0 ]] ; then\n    cat << EOM\nerror: The sandbox is not in sync with the Podfile.lock. Run 'pod install' or update your CocoaPods installation.\nEOM\n    exit 1\nfi\n";
			showEnvVarsInLog = 0;
		};
		8AA19BA92732A5E0AE746252 /* Copy Pods Resources */ = {
			isa = PBXShellScriptBuildPhase;
			buildActionMask = 2147483647;
			files = (
			);
			inputPaths = (
			);
			name = "Copy Pods Resources";
			outputPaths = (
			);
			runOnlyForDeploymentPostprocessing = 0;
			shellPath = /bin/sh;
			shellScript = "\"${SRCROOT}/Pods/Target Support Files/Pods-WhatToEat/Pods-WhatToEat-resources.sh\"\n";
			showEnvVarsInLog = 0;
		};
/* End PBXShellScriptBuildPhase section */

/* Begin PBXSourcesBuildPhase section */
		B5EF1F241A28329A00B3E379 /* Sources */ = {
			isa = PBXSourcesBuildPhase;
			buildActionMask = 2147483647;
			files = (
				B5BE356F1B06420E00032E60 /* OAServiceTicket.m in Sources */,
				B5BE35661B06420E00032E60 /* sha1.c in Sources */,
				B5EF1F311A28329A00B3E379 /* AppDelegate.m in Sources */,
				B54B8ABC1A44C72100F62DC2 /* MainViewController.m in Sources */,
				B5EE83631AE0AAC300EC8D35 /* NSURLRequest+OAuth.m in Sources */,
				B5EF1F2E1A28329A00B3E379 /* main.m in Sources */,
				B5BE35681B06420E00032E60 /* OAConsumer.m in Sources */,
				B5BE35631B06420E00032E60 /* NSURL+Base.m in Sources */,
				B5EE835F1AE0A83500EC8D35 /* Utils.m in Sources */,
				B54CC5E21AE0A2C50053F07F /* SpinFromRemoteViewController.m in Sources */,
				B5BE35641B06420E00032E60 /* Base64Transcoder.c in Sources */,
				B56B58181B053B65001CD9CF /* NSURLRequest+OAuth.m in Sources */,
				B5BE356A1B06420E00032E60 /* OAHMAC_SHA1SignatureProvider.m in Sources */,
				B5D507911B53041D004F846B /* yepApiManager.m in Sources */,
				B54A21411A44C6B60071B570 /* SpinFromLocalViewController.m in Sources */,
				B5EF1F371A28329A00B3E379 /* ViewController.m in Sources */,
				B5BE356D1B06420E00032E60 /* OAProblem.m in Sources */,
				B5BE35691B06420E00032E60 /* OADataFetcher.m in Sources */,
				B54B8AC21A44C8B700F62DC2 /* FoodListTableViewController.m in Sources */,
				B5BE35651B06420E00032E60 /* hmac.c in Sources */,
				B5EF1F341A28329A00B3E379 /* WhatToEat.xcdatamodeld in Sources */,
				B50B22321A9286BC0014ED9D /* FoodInfo.m in Sources */,
				B5BE35701B06420E00032E60 /* OAToken.m in Sources */,
				B5BE356C1B06420E00032E60 /* OAPlaintextSignatureProvider.m in Sources */,
				B5BE356E1B06420E00032E60 /* OARequestParameter.m in Sources */,
				B54B8ACD1A48615B00F62DC2 /* CoreDataManager.m in Sources */,
				B5BE35671B06420E00032E60 /* OACall.m in Sources */,
				B5BE35611B06420E00032E60 /* NSMutableURLRequest+Parameters.m in Sources */,
				B5BE35621B06420E00032E60 /* NSString+URLEncoding.m in Sources */,
				B5E495B61A45D944005B50A7 /* AddFoodTableViewController.m in Sources */,
				B5BE356B1B06420E00032E60 /* OAMutableURLRequest.m in Sources */,
				B5BE35711B06420E00032E60 /* OATokenManager.m in Sources */,
			);
			runOnlyForDeploymentPostprocessing = 0;
		};
		B5EF1F401A28329A00B3E379 /* Sources */ = {
			isa = PBXSourcesBuildPhase;
			buildActionMask = 2147483647;
			files = (
				B5EF1F4B1A28329A00B3E379 /* WhatToEatTests.m in Sources */,
			);
			runOnlyForDeploymentPostprocessing = 0;
		};
/* End PBXSourcesBuildPhase section */

/* Begin PBXTargetDependency section */
		B5EF1F461A28329A00B3E379 /* PBXTargetDependency */ = {
			isa = PBXTargetDependency;
			target = B5EF1F271A28329A00B3E379 /* WhatToEat */;
			targetProxy = B5EF1F451A28329A00B3E379 /* PBXContainerItemProxy */;
		};
/* End PBXTargetDependency section */

/* Begin PBXVariantGroup section */
		B5DCF1951A9D4ACA00490AE1 /* Localizable.strings */ = {
			isa = PBXVariantGroup;
			children = (
				B5DCF1941A9D4ACA00490AE1 /* en */,
				B5DCF1981A9D4B1600490AE1 /* zh-Hans */,
			);
			name = Localizable.strings;
			sourceTree = "<group>";
		};
		B5EF1F381A28329A00B3E379 /* Main.storyboard */ = {
			isa = PBXVariantGroup;
			children = (
				B5EF1F391A28329A00B3E379 /* Base */,
				B5DCF1961A9D4B1600490AE1 /* zh-Hans */,
			);
			name = Main.storyboard;
			sourceTree = "<group>";
		};
		B5EF1F3D1A28329A00B3E379 /* LaunchScreen.xib */ = {
			isa = PBXVariantGroup;
			children = (
				B5EF1F3E1A28329A00B3E379 /* Base */,
				B5DCF1971A9D4B1600490AE1 /* zh-Hans */,
			);
			name = LaunchScreen.xib;
			sourceTree = "<group>";
		};
/* End PBXVariantGroup section */

/* Begin XCBuildConfiguration section */
		B5EF1F4C1A28329A00B3E379 /* Debug */ = {
			isa = XCBuildConfiguration;
			buildSettings = {
				ALWAYS_SEARCH_USER_PATHS = NO;
				CLANG_CXX_LANGUAGE_STANDARD = "gnu++0x";
				CLANG_CXX_LIBRARY = "libc++";
				CLANG_ENABLE_MODULES = YES;
				CLANG_ENABLE_OBJC_ARC = YES;
				CLANG_WARN_BOOL_CONVERSION = YES;
				CLANG_WARN_CONSTANT_CONVERSION = YES;
				CLANG_WARN_DIRECT_OBJC_ISA_USAGE = YES_ERROR;
				CLANG_WARN_EMPTY_BODY = YES;
				CLANG_WARN_ENUM_CONVERSION = YES;
				CLANG_WARN_INT_CONVERSION = YES;
				CLANG_WARN_OBJC_ROOT_CLASS = YES_ERROR;
				CLANG_WARN_UNREACHABLE_CODE = YES;
				CLANG_WARN__DUPLICATE_METHOD_MATCH = YES;
				"CODE_SIGN_IDENTITY[sdk=iphoneos*]" = "iPhone Developer";
				COPY_PHASE_STRIP = NO;
				ENABLE_STRICT_OBJC_MSGSEND = YES;
				GCC_C_LANGUAGE_STANDARD = gnu99;
				GCC_DYNAMIC_NO_PIC = NO;
				GCC_OPTIMIZATION_LEVEL = 0;
				GCC_PREPROCESSOR_DEFINITIONS = (
					"DEBUG=1",
					"$(inherited)",
				);
				GCC_SYMBOLS_PRIVATE_EXTERN = NO;
				GCC_WARN_64_TO_32_BIT_CONVERSION = YES;
				GCC_WARN_ABOUT_RETURN_TYPE = YES_ERROR;
				GCC_WARN_UNDECLARED_SELECTOR = YES;
				GCC_WARN_UNINITIALIZED_AUTOS = YES_AGGRESSIVE;
				GCC_WARN_UNUSED_FUNCTION = YES;
				GCC_WARN_UNUSED_VARIABLE = YES;
				IPHONEOS_DEPLOYMENT_TARGET = 8.1;
				MTL_ENABLE_DEBUG_INFO = YES;
				ONLY_ACTIVE_ARCH = YES;
				SDKROOT = iphoneos;
				TARGETED_DEVICE_FAMILY = "1,2";
			};
			name = Debug;
		};
		B5EF1F4D1A28329A00B3E379 /* Release */ = {
			isa = XCBuildConfiguration;
			buildSettings = {
				ALWAYS_SEARCH_USER_PATHS = NO;
				CLANG_CXX_LANGUAGE_STANDARD = "gnu++0x";
				CLANG_CXX_LIBRARY = "libc++";
				CLANG_ENABLE_MODULES = YES;
				CLANG_ENABLE_OBJC_ARC = YES;
				CLANG_WARN_BOOL_CONVERSION = YES;
				CLANG_WARN_CONSTANT_CONVERSION = YES;
				CLANG_WARN_DIRECT_OBJC_ISA_USAGE = YES_ERROR;
				CLANG_WARN_EMPTY_BODY = YES;
				CLANG_WARN_ENUM_CONVERSION = YES;
				CLANG_WARN_INT_CONVERSION = YES;
				CLANG_WARN_OBJC_ROOT_CLASS = YES_ERROR;
				CLANG_WARN_UNREACHABLE_CODE = YES;
				CLANG_WARN__DUPLICATE_METHOD_MATCH = YES;
				"CODE_SIGN_IDENTITY[sdk=iphoneos*]" = "iPhone Developer";
				COPY_PHASE_STRIP = YES;
				ENABLE_NS_ASSERTIONS = NO;
				ENABLE_STRICT_OBJC_MSGSEND = YES;
				GCC_C_LANGUAGE_STANDARD = gnu99;
				GCC_WARN_64_TO_32_BIT_CONVERSION = YES;
				GCC_WARN_ABOUT_RETURN_TYPE = YES_ERROR;
				GCC_WARN_UNDECLARED_SELECTOR = YES;
				GCC_WARN_UNINITIALIZED_AUTOS = YES_AGGRESSIVE;
				GCC_WARN_UNUSED_FUNCTION = YES;
				GCC_WARN_UNUSED_VARIABLE = YES;
				IPHONEOS_DEPLOYMENT_TARGET = 8.1;
				MTL_ENABLE_DEBUG_INFO = NO;
				SDKROOT = iphoneos;
				TARGETED_DEVICE_FAMILY = "1,2";
				VALIDATE_PRODUCT = YES;
			};
			name = Release;
		};
		B5EF1F4F1A28329A00B3E379 /* Debug */ = {
			isa = XCBuildConfiguration;
			baseConfigurationReference = 84501BCDE4A1520AC7535208 /* Pods-WhatToEat.debug.xcconfig */;
			buildSettings = {
				ASSETCATALOG_COMPILER_APPICON_NAME = AppIcon;
				ASSETCATALOG_COMPILER_LAUNCHIMAGE_NAME = LaunchImage;
				CODE_SIGN_IDENTITY = "iPhone Developer";
				"CODE_SIGN_IDENTITY[sdk=iphoneos*]" = "iPhone Developer";
				INFOPLIST_FILE = WhatToEat/Info.plist;
				IPHONEOS_DEPLOYMENT_TARGET = 7.0;
				LD_RUNPATH_SEARCH_PATHS = "$(inherited) @executable_path/Frameworks";
				PRODUCT_NAME = whattoeat;
				PROVISIONING_PROFILE = "";
				TARGETED_DEVICE_FAMILY = 1;
			};
			name = Debug;
		};
		B5EF1F501A28329A00B3E379 /* Release */ = {
			isa = XCBuildConfiguration;
			baseConfigurationReference = BE94730E2979A58C58B95951 /* Pods-WhatToEat.release.xcconfig */;
			buildSettings = {
				ASSETCATALOG_COMPILER_APPICON_NAME = AppIcon;
				ASSETCATALOG_COMPILER_LAUNCHIMAGE_NAME = LaunchImage;
				CODE_SIGN_IDENTITY = "iPhone Developer";
				"CODE_SIGN_IDENTITY[sdk=iphoneos*]" = "iPhone Developer";
				INFOPLIST_FILE = WhatToEat/Info.plist;
				IPHONEOS_DEPLOYMENT_TARGET = 7.0;
				LD_RUNPATH_SEARCH_PATHS = "$(inherited) @executable_path/Frameworks";
				PRODUCT_NAME = whattoeat;
				PROVISIONING_PROFILE = "";
				TARGETED_DEVICE_FAMILY = 1;
			};
			name = Release;
		};
		B5EF1F521A28329A00B3E379 /* Debug */ = {
			isa = XCBuildConfiguration;
			buildSettings = {
				BUNDLE_LOADER = "$(TEST_HOST)";
				FRAMEWORK_SEARCH_PATHS = (
					"$(SDKROOT)/Developer/Library/Frameworks",
					"$(inherited)",
				);
				GCC_PREPROCESSOR_DEFINITIONS = (
					"DEBUG=1",
					"$(inherited)",
				);
				INFOPLIST_FILE = WhatToEatTests/Info.plist;
				LD_RUNPATH_SEARCH_PATHS = "$(inherited) @executable_path/Frameworks @loader_path/Frameworks";
				PRODUCT_NAME = "$(TARGET_NAME)";
				TEST_HOST = "$(BUILT_PRODUCTS_DIR)/WhatToEat.app/WhatToEat";
			};
			name = Debug;
		};
		B5EF1F531A28329A00B3E379 /* Release */ = {
			isa = XCBuildConfiguration;
			buildSettings = {
				BUNDLE_LOADER = "$(TEST_HOST)";
				FRAMEWORK_SEARCH_PATHS = (
					"$(SDKROOT)/Developer/Library/Frameworks",
					"$(inherited)",
				);
				INFOPLIST_FILE = WhatToEatTests/Info.plist;
				LD_RUNPATH_SEARCH_PATHS = "$(inherited) @executable_path/Frameworks @loader_path/Frameworks";
				PRODUCT_NAME = "$(TARGET_NAME)";
				TEST_HOST = "$(BUILT_PRODUCTS_DIR)/WhatToEat.app/WhatToEat";
			};
			name = Release;
		};
/* End XCBuildConfiguration section */

/* Begin XCConfigurationList section */
		B5EF1F231A28329A00B3E379 /* Build configuration list for PBXProject "WhatToEat" */ = {
			isa = XCConfigurationList;
			buildConfigurations = (
				B5EF1F4C1A28329A00B3E379 /* Debug */,
				B5EF1F4D1A28329A00B3E379 /* Release */,
			);
			defaultConfigurationIsVisible = 0;
			defaultConfigurationName = Release;
		};
		B5EF1F4E1A28329A00B3E379 /* Build configuration list for PBXNativeTarget "WhatToEat" */ = {
			isa = XCConfigurationList;
			buildConfigurations = (
				B5EF1F4F1A28329A00B3E379 /* Debug */,
				B5EF1F501A28329A00B3E379 /* Release */,
			);
			defaultConfigurationIsVisible = 0;
			defaultConfigurationName = Release;
		};
		B5EF1F511A28329A00B3E379 /* Build configuration list for PBXNativeTarget "WhatToEatTests" */ = {
			isa = XCConfigurationList;
			buildConfigurations = (
				B5EF1F521A28329A00B3E379 /* Debug */,
				B5EF1F531A28329A00B3E379 /* Release */,
			);
			defaultConfigurationIsVisible = 0;
			defaultConfigurationName = Release;
		};
/* End XCConfigurationList section */

/* Begin XCVersionGroup section */
		B5EF1F321A28329A00B3E379 /* WhatToEat.xcdatamodeld */ = {
			isa = XCVersionGroup;
			children = (
				B5EF1F331A28329A00B3E379 /* WhatToEat.xcdatamodel */,
			);
			currentVersion = B5EF1F331A28329A00B3E379 /* WhatToEat.xcdatamodel */;
			path = WhatToEat.xcdatamodeld;
			sourceTree = "<group>";
			versionGroupType = wrapper.xcdatamodel;
		};
/* End XCVersionGroup section */
	};
	rootObject = B5EF1F201A28329A00B3E379 /* Project object */;
}
